<?xml version="1.0" encoding="utf-8"?>
<Project ToolsVersion="4.0" xmlns="http://schemas.microsoft.com/developer/msbuild/2003">
  <ItemGroup>
    <Filter Include="Source Files">
      <UniqueIdentifier>{4FC737F1-C7A5-4376-A066-2A32D752A2FF}</UniqueIdentifier>
      <Extensions>cpp;c;cc;cxx;def;odl;idl;hpj;bat;asm;asmx</Extensions>
    </Filter>
    <Filter Include="Resource Files">
      <UniqueIdentifier>{67DA6AB6-F800-4c08-8B7A-83BB121AAD01}</UniqueIdentifier>
      <Extensions>rc;ico;cur;bmp;dlg;rc2;rct;bin;rgs;gif;jpg;jpeg;jpe;resx;tiff;tif;png;wav;mfcribbon-ms</Extensions>
    </Filter>
    <Filter Include="Base">
      <UniqueIdentifier>{3c8ced0e-b6e1-4b2b-a1fc-a15d4ce43f28}</UniqueIdentifier>
    </Filter>
    <Filter Include="Scenes">
      <UniqueIdentifier>{f3da598a-54e9-4bec-921d-56ee2fa99cf8}</UniqueIdentifier>
    </Filter>
    <Filter Include="Characters">
      <UniqueIdentifier>{e825fdf4-87c5-45a5-b82e-122f71edcf03}</UniqueIdentifier>
    </Filter>
    <Filter Include="Scenes\User Interfaces">
      <UniqueIdentifier>{bd9c00e3-57b5-4ec8-8fe6-0b6b9a955e00}</UniqueIdentifier>
    </Filter>
    <Filter Include="Resource Files\Obstacles">
      <UniqueIdentifier>{39338722-2169-400b-b305-94457aa80b3b}</UniqueIdentifier>
    </Filter>
  </ItemGroup>
  <ItemGroup>
    <ClCompile Include="Main.cpp">
      <Filter>Source Files</Filter>
    </ClCompile>
    <ClCompile Include="Base\SceneSys.cpp">
      <Filter>Base</Filter>
    </ClCompile>
    <ClCompile Include="Base\RNG.cpp">
      <Filter>Base</Filter>
    </ClCompile>
    <ClCompile Include="Base\R.cpp">
      <Filter>Base</Filter>
    </ClCompile>
    <ClCompile Include="Gameboard.cpp">
      <Filter>Source Files</Filter>
    </ClCompile>
    <ClCompile Include="GameScene.cpp">
      <Filter>Scenes</Filter>
    </ClCompile>
    <ClCompile Include="GameObject.cpp">
      <Filter>Source Files</Filter>
    </ClCompile>
    <ClCompile Include="BackgroundScene.cpp">
      <Filter>Scenes</Filter>
    </ClCompile>
    <ClCompile Include="Character.cpp">
      <Filter>Characters</Filter>
    </ClCompile>
    <ClCompile Include="MoneyInterface.cpp">
      <Filter>Scenes\User Interfaces</Filter>
    </ClCompile>
    <ClCompile Include="Capitalist.cpp">
      <Filter>Characters</Filter>
    </ClCompile>
    <ClCompile Include="Obstacle.cpp">
      <Filter>Resource Files\Obstacles</Filter>
    </ClCompile>
    <ClCompile Include="Rock.cpp">
      <Filter>Resource Files\Obstacles</Filter>
    </ClCompile>
    <ClCompile Include="WalkingEnemy.cpp">
      <Filter>Resource Files\Obstacles</Filter>
    </ClCompile>
    <ClCompile Include="SoundMaster.cpp">
      <Filter>Source Files</Filter>
    </ClCompile>
    <ClCompile Include="WalkingEnemy2.cpp">
      <Filter>Resource Files\Obstacles</Filter>
    </ClCompile>
    <ClCompile Include="Projectile.cpp">
      <Filter>Source Files</Filter>
    </ClCompile>
  </ItemGroup>
  <ItemGroup>
    <ClInclude Include="Base\SceneParent.h">
      <Filter>Base</Filter>
    </ClInclude>
    <ClInclude Include="Base\SceneSys.h">
      <Filter>Base</Filter>
    </ClInclude>
    <ClInclude Include="Base\RNG.h">
      <Filter>Base</Filter>
    </ClInclude>
    <ClInclude Include="Base\R.h">
      <Filter>Base</Filter>
    </ClInclude>
    <ClInclude Include="Gameboard.h">
      <Filter>Source Files</Filter>
    </ClInclude>
    <ClInclude Include="GameScene.h">
      <Filter>Scenes</Filter>
    </ClInclude>
    <ClInclude Include="GameObject.h">
      <Filter>Source Files</Filter>
    </ClInclude>
    <ClInclude Include="BackgroundScene.h">
      <Filter>Scenes</Filter>
    </ClInclude>
    <ClInclude Include="Character.h">
      <Filter>Characters</Filter>
    </ClInclude>
    <ClInclude Include="MoneyInterface.h">
      <Filter>Scenes\User Interfaces</Filter>
    </ClInclude>
    <ClInclude Include="Capitalist.h">
      <Filter>Characters</Filter>
    </ClInclude>
    <ClInclude Include="Obstacle.h">
      <Filter>Resource Files\Obstacles</Filter>
    </ClInclude>
    <ClInclude Include="Platform.h">
      <Filter>Source Files</Filter>
    </ClInclude>
    <ClInclude Include="Rock.h">
      <Filter>Resource Files\Obstacles</Filter>
    </ClInclude>
    <ClInclude Include="WalkingEnemy.h">
      <Filter>Resource Files\Obstacles</Filter>
    </ClInclude>
    <ClInclude Include="WalkingEnemy2.h">
      <Filter>Resource Files\Obstacles</Filter>
    </ClInclude>
    <ClInclude Include="Projectile.h">
      <Filter>Source Files</Filter>
    </ClInclude>
    <ClInclude Include="SoundMaster.h">
      <Filter>Source Files</Filter>
    </ClInclude>
  </ItemGroup>
</Project>